// !$*UTF8*$!
{
	archiveVersion = 1;
	classes = {
	};
	objectVersion = 46;
	objects = {

/* Begin PBXBuildFile section */
		180279851DD2AE9C006E23EB /* AppDelegate.swift in Sources */ = {isa = PBXBuildFile; fileRef = 180279841DD2AE9C006E23EB /* AppDelegate.swift */; };
		180279871DD2AE9C006E23EB /* ViewController.swift in Sources */ = {isa = PBXBuildFile; fileRef = 180279861DD2AE9C006E23EB /* ViewController.swift */; };
		1802798A1DD2AE9C006E23EB /* Main.storyboard in Resources */ = {isa = PBXBuildFile; fileRef = 180279881DD2AE9C006E23EB /* Main.storyboard */; };
		1802798C1DD2AE9C006E23EB /* Assets.xcassets in Resources */ = {isa = PBXBuildFile; fileRef = 1802798B1DD2AE9C006E23EB /* Assets.xcassets */; };
		1802798F1DD2AE9C006E23EB /* LaunchScreen.storyboard in Resources */ = {isa = PBXBuildFile; fileRef = 1802798D1DD2AE9C006E23EB /* LaunchScreen.storyboard */; };
		18A96F8F1DD2AF4C00870FF6 /* Delayer.swift in Sources */ = {isa = PBXBuildFile; fileRef = 18A96F8E1DD2AF4C00870FF6 /* Delayer.swift */; };
		18A96FA01DD2B05D00870FF6 /* DelayerTests.swift in Sources */ = {isa = PBXBuildFile; fileRef = 18A96F901DD2AF9E00870FF6 /* DelayerTests.swift */; };
		18A96FA21DD2B08B00870FF6 /* Delayer.swift in Sources */ = {isa = PBXBuildFile; fileRef = 18A96F8E1DD2AF4C00870FF6 /* Delayer.swift */; };
		18A96FA41DD2B0D100870FF6 /* MockDelayer.swift in Sources */ = {isa = PBXBuildFile; fileRef = 18A96FA31DD2B0D100870FF6 /* MockDelayer.swift */; };
/* End PBXBuildFile section */

/* Begin PBXContainerItemProxy section */
		18A96F9B1DD2B04D00870FF6 /* PBXContainerItemProxy */ = {
			isa = PBXContainerItemProxy;
			containerPortal = 180279791DD2AE9C006E23EB /* Project object */;
			proxyType = 1;
			remoteGlobalIDString = 180279801DD2AE9C006E23EB;
			remoteInfo = Delayer;
		};
/* End PBXContainerItemProxy section */

/* Begin PBXFileReference section */
		180279811DD2AE9C006E23EB /* Delayer.app */ = {isa = PBXFileReference; explicitFileType = wrapper.application; includeInIndex = 0; path = Delayer.app; sourceTree = BUILT_PRODUCTS_DIR; };
		180279841DD2AE9C006E23EB /* AppDelegate.swift */ = {isa = PBXFileReference; lastKnownFileType = sourcecode.swift; path = AppDelegate.swift; sourceTree = "<group>"; };
		180279861DD2AE9C006E23EB /* ViewController.swift */ = {isa = PBXFileReference; lastKnownFileType = sourcecode.swift; path = ViewController.swift; sourceTree = "<group>"; };
		180279891DD2AE9C006E23EB /* Base */ = {isa = PBXFileReference; lastKnownFileType = file.storyboard; name = Base; path = Base.lproj/Main.storyboard; sourceTree = "<group>"; };
		1802798B1DD2AE9C006E23EB /* Assets.xcassets */ = {isa = PBXFileReference; lastKnownFileType = folder.assetcatalog; path = Assets.xcassets; sourceTree = "<group>"; };
		1802798E1DD2AE9C006E23EB /* Base */ = {isa = PBXFileReference; lastKnownFileType = file.storyboard; name = Base; path = Base.lproj/LaunchScreen.storyboard; sourceTree = "<group>"; };
		180279901DD2AE9C006E23EB /* Info.plist */ = {isa = PBXFileReference; lastKnownFileType = text.plist.xml; path = Info.plist; sourceTree = "<group>"; };
		18A96F8E1DD2AF4C00870FF6 /* Delayer.swift */ = {isa = PBXFileReference; fileEncoding = 4; lastKnownFileType = sourcecode.swift; path = Delayer.swift; sourceTree = "<group>"; };
		18A96F901DD2AF9E00870FF6 /* DelayerTests.swift */ = {isa = PBXFileReference; fileEncoding = 4; lastKnownFileType = sourcecode.swift; path = DelayerTests.swift; sourceTree = "<group>"; };
		18A96F961DD2B04D00870FF6 /* DelayerTests.xctest */ = {isa = PBXFileReference; explicitFileType = wrapper.cfbundle; includeInIndex = 0; path = DelayerTests.xctest; sourceTree = BUILT_PRODUCTS_DIR; };
		18A96F9A1DD2B04D00870FF6 /* Info.plist */ = {isa = PBXFileReference; lastKnownFileType = text.plist.xml; path = Info.plist; sourceTree = "<group>"; };
		18A96FA31DD2B0D100870FF6 /* MockDelayer.swift */ = {isa = PBXFileReference; fileEncoding = 4; lastKnownFileType = sourcecode.swift; path = MockDelayer.swift; sourceTree = "<group>"; };
/* End PBXFileReference section */

/* Begin PBXFrameworksBuildPhase section */
		1802797E1DD2AE9C006E23EB /* Frameworks */ = {
			isa = PBXFrameworksBuildPhase;
			buildActionMask = 2147483647;
			files = (
			);
			runOnlyForDeploymentPostprocessing = 0;
		};
		18A96F931DD2B04D00870FF6 /* Frameworks */ = {
			isa = PBXFrameworksBuildPhase;
			buildActionMask = 2147483647;
			files = (
			);
			runOnlyForDeploymentPostprocessing = 0;
		};
/* End PBXFrameworksBuildPhase section */

/* Begin PBXGroup section */
		180279781DD2AE9C006E23EB = {
			isa = PBXGroup;
			children = (
				180279831DD2AE9C006E23EB /* Delayer */,
				18A96F971DD2B04D00870FF6 /* DelayerTests */,
				180279821DD2AE9C006E23EB /* Products */,
			);
			sourceTree = "<group>";
		};
		180279821DD2AE9C006E23EB /* Products */ = {
			isa = PBXGroup;
			children = (
				180279811DD2AE9C006E23EB /* Delayer.app */,
				18A96F961DD2B04D00870FF6 /* DelayerTests.xctest */,
			);
			name = Products;
			sourceTree = "<group>";
		};
		180279831DD2AE9C006E23EB /* Delayer */ = {
			isa = PBXGroup;
			children = (
				180279841DD2AE9C006E23EB /* AppDelegate.swift */,
				18A96F8E1DD2AF4C00870FF6 /* Delayer.swift */,
				180279861DD2AE9C006E23EB /* ViewController.swift */,
				180279881DD2AE9C006E23EB /* Main.storyboard */,
				1802798B1DD2AE9C006E23EB /* Assets.xcassets */,
				1802798D1DD2AE9C006E23EB /* LaunchScreen.storyboard */,
				180279901DD2AE9C006E23EB /* Info.plist */,
			);
			path = Delayer;
			sourceTree = "<group>";
		};
		18A96F971DD2B04D00870FF6 /* DelayerTests */ = {
			isa = PBXGroup;
			children = (
				18A96F901DD2AF9E00870FF6 /* DelayerTests.swift */,
				18A96FA31DD2B0D100870FF6 /* MockDelayer.swift */,
				18A96F9A1DD2B04D00870FF6 /* Info.plist */,
			);
			path = DelayerTests;
			sourceTree = "<group>";
		};
/* End PBXGroup section */

/* Begin PBXNativeTarget section */
		180279801DD2AE9C006E23EB /* Delayer */ = {
			isa = PBXNativeTarget;
			buildConfigurationList = 180279931DD2AE9D006E23EB /* Build configuration list for PBXNativeTarget "Delayer" */;
			buildPhases = (
				1802797D1DD2AE9C006E23EB /* Sources */,
				1802797E1DD2AE9C006E23EB /* Frameworks */,
				1802797F1DD2AE9C006E23EB /* Resources */,
			);
			buildRules = (
			);
			dependencies = (
			);
			name = Delayer;
			productName = Delayer;
			productReference = 180279811DD2AE9C006E23EB /* Delayer.app */;
			productType = "com.apple.product-type.application";
		};
		18A96F951DD2B04D00870FF6 /* DelayerTests */ = {
			isa = PBXNativeTarget;
			buildConfigurationList = 18A96F9D1DD2B04D00870FF6 /* Build configuration list for PBXNativeTarget "DelayerTests" */;
			buildPhases = (
				18A96F921DD2B04D00870FF6 /* Sources */,
				18A96F931DD2B04D00870FF6 /* Frameworks */,
				18A96F941DD2B04D00870FF6 /* Resources */,
			);
			buildRules = (
			);
			dependencies = (
				18A96F9C1DD2B04D00870FF6 /* PBXTargetDependency */,
			);
			name = DelayerTests;
			productName = DelayerTests;
			productReference = 18A96F961DD2B04D00870FF6 /* DelayerTests.xctest */;
			productType = "com.apple.product-type.bundle.unit-test";
		};
/* End PBXNativeTarget section */

/* Begin PBXProject section */
		180279791DD2AE9C006E23EB /* Project object */ = {
			isa = PBXProject;
			attributes = {
				LastSwiftUpdateCheck = 0730;
				LastUpgradeCheck = 0730;
				ORGANIZATIONNAME = "Lin David";
				TargetAttributes = {
					180279801DD2AE9C006E23EB = {
						CreatedOnToolsVersion = 7.3.1;
						LastSwiftMigration = 0810;
					};
					18A96F951DD2B04D00870FF6 = {
						CreatedOnToolsVersion = 7.3.1;
						LastSwiftMigration = 0810;
						TestTargetID = 180279801DD2AE9C006E23EB;
					};
				};
			};
			buildConfigurationList = 1802797C1DD2AE9C006E23EB /* Build configuration list for PBXProject "Delayer" */;
			compatibilityVersion = "Xcode 3.2";
			developmentRegion = English;
			hasScannedForEncodings = 0;
			knownRegions = (
				en,
				Base,
			);
			mainGroup = 180279781DD2AE9C006E23EB;
			productRefGroup = 180279821DD2AE9C006E23EB /* Products */;
			projectDirPath = "";
			projectRoot = "";
			targets = (
				180279801DD2AE9C006E23EB /* Delayer */,
				18A96F951DD2B04D00870FF6 /* DelayerTests */,
			);
		};
/* End PBXProject section */

/* Begin PBXResourcesBuildPhase section */
		1802797F1DD2AE9C006E23EB /* Resources */ = {
			isa = PBXResourcesBuildPhase;
			buildActionMask = 2147483647;
			files = (
				1802798F1DD2AE9C006E23EB /* LaunchScreen.storyboard in Resources */,
				1802798C1DD2AE9C006E23EB /* Assets.xcassets in Resources */,
				1802798A1DD2AE9C006E23EB /* Main.storyboard in Resources */,
			);
			runOnlyForDeploymentPostprocessing = 0;
		};
		18A96F941DD2B04D00870FF6 /* Resources */ = {
			isa = PBXResourcesBuildPhase;
			buildActionMask = 2147483647;
			files = (
			);
			runOnlyForDeploymentPostprocessing = 0;
		};
/* End PBXResourcesBuildPhase section */

/* Begin PBXSourcesBuildPhase section */
		1802797D1DD2AE9C006E23EB /* Sources */ = {
			isa = PBXSourcesBuildPhase;
			buildActionMask = 2147483647;
			files = (
				180279871DD2AE9C006E23EB /* ViewController.swift in Sources */,
				18A96F8F1DD2AF4C00870FF6 /* Delayer.swift in Sources */,
				180279851DD2AE9C006E23EB /* AppDelegate.swift in Sources */,
			);
			runOnlyForDeploymentPostprocessing = 0;
		};
		18A96F921DD2B04D00870FF6 /* Sources */ = {
			isa = PBXSourcesBuildPhase;
			buildActionMask = 2147483647;
			files = (
				18A96FA21DD2B08B00870FF6 /* Delayer.swift in Sources */,
				18A96FA01DD2B05D00870FF6 /* DelayerTests.swift in Sources */,
				18A96FA41DD2B0D100870FF6 /* MockDelayer.swift in Sources */,
			);
			runOnlyForDeploymentPostprocessing = 0;
		};
/* End PBXSourcesBuildPhase section */

/* Begin PBXTargetDependency section */
		18A96F9C1DD2B04D00870FF6 /* PBXTargetDependency */ = {
			isa = PBXTargetDependency;
			target = 180279801DD2AE9C006E23EB /* Delayer */;
			targetProxy = 18A96F9B1DD2B04D00870FF6 /* PBXContainerItemProxy */;
		};
/* End PBXTargetDependency section */

/* Begin PBXVariantGroup section */
		180279881DD2AE9C006E23EB /* Main.storyboard */ = {
			isa = PBXVariantGroup;
			children = (
				180279891DD2AE9C006E23EB /* Base */,
			);
			name = Main.storyboard;
			sourceTree = "<group>";
		};
		1802798D1DD2AE9C006E23EB /* LaunchScreen.storyboard */ = {
			isa = PBXVariantGroup;
			children = (
				1802798E1DD2AE9C006E23EB /* Base */,
			);
			name = LaunchScreen.storyboard;
			sourceTree = "<group>";
		};
/* End PBXVariantGroup section */

/* Begin XCBuildConfiguration section */
		180279911DD2AE9D006E23EB /* Debug */ = {
			isa = XCBuildConfiguration;
			buildSettings = {
				ALWAYS_SEARCH_USER_PATHS = NO;
				CLANG_ANALYZER_NONNULL = YES;
				CLANG_CXX_LANGUAGE_STANDARD = "gnu++0x";
				CLANG_CXX_LIBRARY = "libc++";
				CLANG_ENABLE_MODULES = YES;
				CLANG_ENABLE_OBJC_ARC = YES;
				CLANG_WARN_BOOL_CONVERSION = YES;
				CLANG_WARN_CONSTANT_CONVERSION = YES;
				CLANG_WARN_DIRECT_OBJC_ISA_USAGE = YES_ERROR;
				CLANG_WARN_EMPTY_BODY = YES;
				CLANG_WARN_ENUM_CONVERSION = YES;
				CLANG_WARN_INT_CONVERSION = YES;
				CLANG_WARN_OBJC_ROOT_CLASS = YES_ERROR;
				CLANG_WARN_UNREACHABLE_CODE = YES;
				CLANG_WARN__DUPLICATE_METHOD_MATCH = YES;
				"CODE_SIGN_IDENTITY[sdk=iphoneos*]" = "iPhone Developer";
				COPY_PHASE_STRIP = NO;
				DEBUG_INFORMATION_FORMAT = dwarf;
				ENABLE_STRICT_OBJC_MSGSEND = YES;
				ENABLE_TESTABILITY = YES;
				GCC_C_LANGUAGE_STANDARD = gnu99;
				GCC_DYNAMIC_NO_PIC = NO;
				GCC_NO_COMMON_BLOCKS = YES;
				GCC_OPTIMIZATION_LEVEL = 0;
				GCC_PREPROCESSOR_DEFINITIONS = (
					"DEBUG=1",
					"$(inherited)",
				);
				GCC_WARN_64_TO_32_BIT_CONVERSION = YES;
				GCC_WARN_ABOUT_RETURN_TYPE = YES_ERROR;
				GCC_WARN_UNDECLARED_SELECTOR = YES;
				GCC_WARN_UNINITIALIZED_AUTOS = YES_AGGRESSIVE;
				GCC_WARN_UNUSED_FUNCTION = YES;
				GCC_WARN_UNUSED_VARIABLE = YES;
				IPHONEOS_DEPLOYMENT_TARGET = 9.3;
				MTL_ENABLE_DEBUG_INFO = YES;
				ONLY_ACTIVE_ARCH = YES;
				SDKROOT = iphoneos;
				SWIFT_OPTIMIZATION_LEVEL = "-Onone";
			};
			name = Debug;
		};
		180279921DD2AE9D006E23EB /* Release */ = {
			isa = XCBuildConfiguration;
			buildSettings = {
				ALWAYS_SEARCH_USER_PATHS = NO;
				CLANG_ANALYZER_NONNULL = YES;
				CLANG_CXX_LANGUAGE_STANDARD = "gnu++0x";
				CLANG_CXX_LIBRARY = "libc++";
				CLANG_ENABLE_MODULES = YES;
				CLANG_ENABLE_OBJC_ARC = YES;
				CLANG_WARN_BOOL_CONVERSION = YES;
				CLANG_WARN_CONSTANT_CONVERSION = YES;
				CLANG_WARN_DIRECT_OBJC_ISA_USAGE = YES_ERROR;
				CLANG_WARN_EMPTY_BODY = YES;
				CLANG_WARN_ENUM_CONVERSION = YES;
				CLANG_WARN_INT_CONVERSION = YES;
				CLANG_WARN_OBJC_ROOT_CLASS = YES_ERROR;
				CLANG_WARN_UNREACHABLE_CODE = YES;
				CLANG_WARN__DUPLICATE_METHOD_MATCH = YES;
				"CODE_SIGN_IDENTITY[sdk=iphoneos*]" = "iPhone Developer";
				COPY_PHASE_STRIP = NO;
				DEBUG_INFORMATION_FORMAT = "dwarf-with-dsym";
				ENABLE_NS_ASSERTIONS = NO;
				ENABLE_STRICT_OBJC_MSGSEND = YES;
				GCC_C_LANGUAGE_STANDARD = gnu99;
				GCC_NO_COMMON_BLOCKS = YES;
				GCC_WARN_64_TO_32_BIT_CONVERSION = YES;
				GCC_WARN_ABOUT_RETURN_TYPE = YES_ERROR;
				GCC_WARN_UNDECLARED_SELECTOR = YES;
				GCC_WARN_UNINITIALIZED_AUTOS = YES_AGGRESSIVE;
				GCC_WARN_UNUSED_FUNCTION = YES;
				GCC_WARN_UNUSED_VARIABLE = YES;
				IPHONEOS_DEPLOYMENT_TARGET = 9.3;
				MTL_ENABLE_DEBUG_INFO = NO;
				SDKROOT = iphoneos;
				VALIDATE_PRODUCT = YES;
			};
			name = Release;
		};
		180279941DD2AE9D006E23EB /* Debug */ = {
			isa = XCBuildConfiguration;
			buildSettings = {
				ASSETCATALOG_COMPILER_APPICON_NAME = AppIcon;
				INFOPLIST_FILE = Delayer/Info.plist;
				LD_RUNPATH_SEARCH_PATHS = "$(inherited) @executable_path/Frameworks";
				PRODUCT_BUNDLE_IDENTIFIER = com.lin.david.Delayer;
				PRODUCT_NAME = "$(TARGET_NAME)";
				SWIFT_VERSION = 3.0;
			};
			name = Debug;
		};
		180279951DD2AE9D006E23EB /* Release */ = {
			isa = XCBuildConfiguration;
			buildSettings = {
				ASSETCATALOG_COMPILER_APPICON_NAME = AppIcon;
				INFOPLIST_FILE = Delayer/Info.plist;
				LD_RUNPATH_SEARCH_PATHS = "$(inherited) @executable_path/Frameworks";
				PRODUCT_BUNDLE_IDENTIFIER = com.lin.david.Delayer;
				PRODUCT_NAME = "$(TARGET_NAME)";
				SWIFT_VERSION = 3.0;
			};
			name = Release;
		};
		18A96F9E1DD2B04D00870FF6 /* Debug */ = {
			isa = XCBuildConfiguration;
			buildSettings = {
				BUNDLE_LOADER = "$(TEST_HOST)";
				INFOPLIST_FILE = DelayerTests/Info.plist;
				LD_RUNPATH_SEARCH_PATHS = "$(inherited) @executable_path/Frameworks @loader_path/Frameworks";
				PRODUCT_BUNDLE_IDENTIFIER = com.lin.david.DelayerTests;
				PRODUCT_NAME = "$(TARGET_NAME)";
				SWIFT_VERSION = 3.0;
				TEST_HOST = "$(BUILT_PRODUCTS_DIR)/Delayer.app/Delayer";
			};
			name = Debug;
		};
		18A96F9F1DD2B04D00870FF6 /* Release */ = {
			isa = XCBuildConfiguration;
			buildSettings = {
				BUNDLE_LOADER = "$(TEST_HOST)";
				INFOPLIST_FILE = DelayerTests/Info.plist;
				LD_RUNPATH_SEARCH_PATHS = "$(inherited) @executable_path/Frameworks @loader_path/Frameworks";
				PRODUCT_BUNDLE_IDENTIFIER = com.lin.david.DelayerTests;
				PRODUCT_NAME = "$(TARGET_NAME)";
				SWIFT_VERSION = 3.0;
				TEST_HOST = "$(BUILT_PRODUCTS_DIR)/Delayer.app/Delayer";
			};
			name = Release;
		};
/* End XCBuildConfiguration section */

/* Begin XCConfigurationList section */
		1802797C1DD2AE9C006E23EB /* Build configuration list for PBXProject "Delayer" */ = {
			isa = XCConfigurationList;
			buildConfigurations = (
				180279911DD2AE9D006E23EB /* Debug */,
				180279921DD2AE9D006E23EB /* Release */,
			);
			defaultConfigurationIsVisible = 0;
			defaultConfigurationName = Release;
		};
		180279931DD2AE9D006E23EB /* Build configuration list for PBXNativeTarget "Delayer" */ = {
			isa = XCConfigurationList;
			buildConfigurations = (
				180279941DD2AE9D006E23EB /* Debug */,
				180279951DD2AE9D006E23EB /* Release */,
			);
			defaultConfigurationIsVisible = 0;
			defaultConfigurationName = Release;
		};
		18A96F9D1DD2B04D00870FF6 /* Build configuration list for PBXNativeTarget "DelayerTests" */ = {
			isa = XCConfigurationList;
			buildConfigurations = (
				18A96F9E1DD2B04D00870FF6 /* Debug */,
				18A96F9F1DD2B04D00870FF6 /* Release */,
			);
			defaultConfigurationIsVisible = 0;
			defaultConfigurationName = Release;
		};
/* End XCConfigurationList section */
	};
	rootObject = 180279791DD2AE9C006E23EB /* Project object */;
}
